
Microsoft Visual Studio Solution File, Format Version 12.00
# Visual Studio 2013
VisualStudioVersion = 12.0.31101.0
MinimumVisualStudioVersion = 10.0.40219.1
Project("{FAE04EC0-301F-11D3-BF4B-00C04F79EFBC}") = "EventReceivers", "EventReceivers\EventReceivers.csproj", "{55BA1847-ED27-481D-B213-C6A4C8BCC3ED}"
EndProject
Project("{FAE04EC0-301F-11D3-BF4B-00C04F79EFBC}") = "Workflows", "Workflows\Workflows.csproj", "{F3947A43-D462-47CC-ABA9-F3AC493957C3}"
EndProject
Project("{FAE04EC0-301F-11D3-BF4B-00C04F79EFBC}") = "BLL", "BLL\BLL.csproj", "{2C8ECD80-A047-4795-99B3-C0EFC6961A9E}"
EndProject
Project("{FAE04EC0-301F-11D3-BF4B-00C04F79EFBC}") = "STAFix24_Animus", "STAFix24_Animus\STAFix24_Animus.csproj", "{AA4C79FD-6B0C-4AB3-8DDB-C00C0AA8B74C}"
	ProjectSection(ProjectDependencies) = postProject
		{F3947A43-D462-47CC-ABA9-F3AC493957C3} = {F3947A43-D462-47CC-ABA9-F3AC493957C3}
		{55BA1847-ED27-481D-B213-C6A4C8BCC3ED} = {55BA1847-ED27-481D-B213-C6A4C8BCC3ED}
		{2C8ECD80-A047-4795-99B3-C0EFC6961A9E} = {2C8ECD80-A047-4795-99B3-C0EFC6961A9E}
	EndProjectSection
EndProject
Global
	GlobalSection(SolutionConfigurationPlatforms) = preSolution
		Debug|Any CPU = Debug|Any CPU
		Release|Any CPU = Release|Any CPU
	EndGlobalSection
	GlobalSection(ProjectConfigurationPlatforms) = postSolution
		{55BA1847-ED27-481D-B213-C6A4C8BCC3ED}.Debug|Any CPU.ActiveCfg = Debug|Any CPU
		{55BA1847-ED27-481D-B213-C6A4C8BCC3ED}.Debug|Any CPU.Build.0 = Debug|Any CPU
		{55BA1847-ED27-481D-B213-C6A4C8BCC3ED}.Debug|Any CPU.Deploy.0 = Debug|Any CPU
		{55BA1847-ED27-481D-B213-C6A4C8BCC3ED}.Release|Any CPU.ActiveCfg = Release|Any CPU
		{55BA1847-ED27-481D-B213-C6A4C8BCC3ED}.Release|Any CPU.Build.0 = Release|Any CPU
		{55BA1847-ED27-481D-B213-C6A4C8BCC3ED}.Release|Any CPU.Deploy.0 = Release|Any CPU
		{F3947A43-D462-47CC-ABA9-F3AC493957C3}.Debug|Any CPU.ActiveCfg = Debug|Any CPU
		{F3947A43-D462-47CC-ABA9-F3AC493957C3}.Debug|Any CPU.Build.0 = Debug|Any CPU
		{F3947A43-D462-47CC-ABA9-F3AC493957C3}.Debug|Any CPU.Deploy.0 = Debug|Any CPU
		{F3947A43-D462-47CC-ABA9-F3AC493957C3}.Release|Any CPU.ActiveCfg = Release|Any CPU
		{F3947A43-D462-47CC-ABA9-F3AC493957C3}.Release|Any CPU.Build.0 = Release|Any CPU
		{F3947A43-D462-47CC-ABA9-F3AC493957C3}.Release|Any CPU.Deploy.0 = Release|Any CPU
		{2C8ECD80-A047-4795-99B3-C0EFC6961A9E}.Debug|Any CPU.ActiveCfg = Debug|Any CPU
		{2C8ECD80-A047-4795-99B3-C0EFC6961A9E}.Debug|Any CPU.Build.0 = Debug|Any CPU
		{2C8ECD80-A047-4795-99B3-C0EFC6961A9E}.Release|Any CPU.ActiveCfg = Release|Any CPU
		{2C8ECD80-A047-4795-99B3-C0EFC6961A9E}.Release|Any CPU.Build.0 = Release|Any CPU
		{AA4C79FD-6B0C-4AB3-8DDB-C00C0AA8B74C}.Debug|Any CPU.ActiveCfg = Debug|Any CPU
		{AA4C79FD-6B0C-4AB3-8DDB-C00C0AA8B74C}.Debug|Any CPU.Build.0 = Debug|Any CPU
		{AA4C79FD-6B0C-4AB3-8DDB-C00C0AA8B74C}.Debug|Any CPU.Deploy.0 = Debug|Any CPU
		{AA4C79FD-6B0C-4AB3-8DDB-C00C0AA8B74C}.Release|Any CPU.ActiveCfg = Release|Any CPU
		{AA4C79FD-6B0C-4AB3-8DDB-C00C0AA8B74C}.Release|Any CPU.Build.0 = Release|Any CPU
		{AA4C79FD-6B0C-4AB3-8DDB-C00C0AA8B74C}.Release|Any CPU.Deploy.0 = Release|Any CPU
	EndGlobalSection
	GlobalSection(SolutionProperties) = preSolution
		HideSolutionNode = FALSE
	EndGlobalSection
EndGlobal
